// !$*UTF8*$!
{
	archiveVersion = 1;
	classes = {
	};
	objectVersion = 50;
	objects = {

/* Begin PBXBuildFile section */
		71295EC526F794A1009D910E /* AppDelegate.swift in Sources */ = {isa = PBXBuildFile; fileRef = 71295EC426F794A1009D910E /* AppDelegate.swift */; };
		71295EC726F794A1009D910E /* SceneDelegate.swift in Sources */ = {isa = PBXBuildFile; fileRef = 71295EC626F794A1009D910E /* SceneDelegate.swift */; };
		71295EC926F794A1009D910E /* ViewController.swift in Sources */ = {isa = PBXBuildFile; fileRef = 71295EC826F794A1009D910E /* ViewController.swift */; };
		71295ECC26F794A1009D910E /* Main.storyboard in Resources */ = {isa = PBXBuildFile; fileRef = 71295ECA26F794A1009D910E /* Main.storyboard */; };
		71295ECE26F794A4009D910E /* Assets.xcassets in Resources */ = {isa = PBXBuildFile; fileRef = 71295ECD26F794A4009D910E /* Assets.xcassets */; };
		71295ED126F794A4009D910E /* LaunchScreen.storyboard in Resources */ = {isa = PBXBuildFile; fileRef = 71295ECF26F794A4009D910E /* LaunchScreen.storyboard */; };
		71295EDC26F794A4009D910E /* RedditTest_iosTests.swift in Sources */ = {isa = PBXBuildFile; fileRef = 71295EDB26F794A4009D910E /* RedditTest_iosTests.swift */; };
		71295EE726F794A4009D910E /* RedditTest_iosUITests.swift in Sources */ = {isa = PBXBuildFile; fileRef = 71295EE626F794A4009D910E /* RedditTest_iosUITests.swift */; };
/* End PBXBuildFile section */

/* Begin PBXContainerItemProxy section */
		71295ED826F794A4009D910E /* PBXContainerItemProxy */ = {
			isa = PBXContainerItemProxy;
			containerPortal = 71295EB926F794A1009D910E /* Project object */;
			proxyType = 1;
			remoteGlobalIDString = 71295EC026F794A1009D910E;
			remoteInfo = "RedditTest-ios";
		};
		71295EE326F794A4009D910E /* PBXContainerItemProxy */ = {
			isa = PBXContainerItemProxy;
			containerPortal = 71295EB926F794A1009D910E /* Project object */;
			proxyType = 1;
			remoteGlobalIDString = 71295EC026F794A1009D910E;
			remoteInfo = "RedditTest-ios";
		};
/* End PBXContainerItemProxy section */

/* Begin PBXFileReference section */
		71295EC126F794A1009D910E /* RedditTest-ios.app */ = {isa = PBXFileReference; explicitFileType = wrapper.application; includeInIndex = 0; path = "RedditTest-ios.app"; sourceTree = BUILT_PRODUCTS_DIR; };
		71295EC426F794A1009D910E /* AppDelegate.swift */ = {isa = PBXFileReference; lastKnownFileType = sourcecode.swift; path = AppDelegate.swift; sourceTree = "<group>"; };
		71295EC626F794A1009D910E /* SceneDelegate.swift */ = {isa = PBXFileReference; lastKnownFileType = sourcecode.swift; path = SceneDelegate.swift; sourceTree = "<group>"; };
		71295EC826F794A1009D910E /* ViewController.swift */ = {isa = PBXFileReference; lastKnownFileType = sourcecode.swift; path = ViewController.swift; sourceTree = "<group>"; };
		71295ECB26F794A1009D910E /* Base */ = {isa = PBXFileReference; lastKnownFileType = file.storyboard; name = Base; path = Base.lproj/Main.storyboard; sourceTree = "<group>"; };
		71295ECD26F794A4009D910E /* Assets.xcassets */ = {isa = PBXFileReference; lastKnownFileType = folder.assetcatalog; path = Assets.xcassets; sourceTree = "<group>"; };
		71295ED026F794A4009D910E /* Base */ = {isa = PBXFileReference; lastKnownFileType = file.storyboard; name = Base; path = Base.lproj/LaunchScreen.storyboard; sourceTree = "<group>"; };
		71295ED226F794A4009D910E /* Info.plist */ = {isa = PBXFileReference; lastKnownFileType = text.plist.xml; path = Info.plist; sourceTree = "<group>"; };
		71295ED726F794A4009D910E /* RedditTest-iosTests.xctest */ = {isa = PBXFileReference; explicitFileType = wrapper.cfbundle; includeInIndex = 0; path = "RedditTest-iosTests.xctest"; sourceTree = BUILT_PRODUCTS_DIR; };
		71295EDB26F794A4009D910E /* RedditTest_iosTests.swift */ = {isa = PBXFileReference; lastKnownFileType = sourcecode.swift; path = RedditTest_iosTests.swift; sourceTree = "<group>"; };
		71295EDD26F794A4009D910E /* Info.plist */ = {isa = PBXFileReference; lastKnownFileType = text.plist.xml; path = Info.plist; sourceTree = "<group>"; };
		71295EE226F794A4009D910E /* RedditTest-iosUITests.xctest */ = {isa = PBXFileReference; explicitFileType = wrapper.cfbundle; includeInIndex = 0; path = "RedditTest-iosUITests.xctest"; sourceTree = BUILT_PRODUCTS_DIR; };
		71295EE626F794A4009D910E /* RedditTest_iosUITests.swift */ = {isa = PBXFileReference; lastKnownFileType = sourcecode.swift; path = RedditTest_iosUITests.swift; sourceTree = "<group>"; };
		71295EE826F794A4009D910E /* Info.plist */ = {isa = PBXFileReference; lastKnownFileType = text.plist.xml; path = Info.plist; sourceTree = "<group>"; };
/* End PBXFileReference section */

/* Begin PBXFrameworksBuildPhase section */
		71295EBE26F794A1009D910E /* Frameworks */ = {
			isa = PBXFrameworksBuildPhase;
			buildActionMask = 2147483647;
			files = (
			);
			runOnlyForDeploymentPostprocessing = 0;
		};
		71295ED426F794A4009D910E /* Frameworks */ = {
			isa = PBXFrameworksBuildPhase;
			buildActionMask = 2147483647;
			files = (
			);
			runOnlyForDeploymentPostprocessing = 0;
		};
		71295EDF26F794A4009D910E /* Frameworks */ = {
			isa = PBXFrameworksBuildPhase;
			buildActionMask = 2147483647;
			files = (
			);
			runOnlyForDeploymentPostprocessing = 0;
		};
/* End PBXFrameworksBuildPhase section */

/* Begin PBXGroup section */
		71295EB826F794A1009D910E = {
			isa = PBXGroup;
			children = (
				71295EC326F794A1009D910E /* RedditTest-ios */,
				71295EDA26F794A4009D910E /* RedditTest-iosTests */,
				71295EE526F794A4009D910E /* RedditTest-iosUITests */,
				71295EC226F794A1009D910E /* Products */,
			);
			sourceTree = "<group>";
		};
		71295EC226F794A1009D910E /* Products */ = {
			isa = PBXGroup;
			children = (
				71295EC126F794A1009D910E /* RedditTest-ios.app */,
				71295ED726F794A4009D910E /* RedditTest-iosTests.xctest */,
				71295EE226F794A4009D910E /* RedditTest-iosUITests.xctest */,
			);
			name = Products;
			sourceTree = "<group>";
		};
		71295EC326F794A1009D910E /* RedditTest-ios */ = {
			isa = PBXGroup;
			children = (
				71295EC426F794A1009D910E /* AppDelegate.swift */,
				71295EC626F794A1009D910E /* SceneDelegate.swift */,
				71295EC826F794A1009D910E /* ViewController.swift */,
				71295ECA26F794A1009D910E /* Main.storyboard */,
				71295ECD26F794A4009D910E /* Assets.xcassets */,
				71295ECF26F794A4009D910E /* LaunchScreen.storyboard */,
				71295ED226F794A4009D910E /* Info.plist */,
			);
			path = "RedditTest-ios";
			sourceTree = "<group>";
		};
		71295EDA26F794A4009D910E /* RedditTest-iosTests */ = {
			isa = PBXGroup;
			children = (
				71295EDB26F794A4009D910E /* RedditTest_iosTests.swift */,
				71295EDD26F794A4009D910E /* Info.plist */,
			);
			path = "RedditTest-iosTests";
			sourceTree = "<group>";
		};
		71295EE526F794A4009D910E /* RedditTest-iosUITests */ = {
			isa = PBXGroup;
			children = (
				71295EE626F794A4009D910E /* RedditTest_iosUITests.swift */,
				71295EE826F794A4009D910E /* Info.plist */,
			);
			path = "RedditTest-iosUITests";
			sourceTree = "<group>";
		};
/* End PBXGroup section */

/* Begin PBXNativeTarget section */
		71295EC026F794A1009D910E /* RedditTest-ios */ = {
			isa = PBXNativeTarget;
			buildConfigurationList = 71295EEB26F794A4009D910E /* Build configuration list for PBXNativeTarget "RedditTest-ios" */;
			buildPhases = (
				71295EBD26F794A1009D910E /* Sources */,
				71295EBE26F794A1009D910E /* Frameworks */,
				71295EBF26F794A1009D910E /* Resources */,
			);
			buildRules = (
			);
			dependencies = (
			);
			name = "RedditTest-ios";
			productName = "RedditTest-ios";
			productReference = 71295EC126F794A1009D910E /* RedditTest-ios.app */;
			productType = "com.apple.product-type.application";
		};
		71295ED626F794A4009D910E /* RedditTest-iosTests */ = {
			isa = PBXNativeTarget;
			buildConfigurationList = 71295EEE26F794A4009D910E /* Build configuration list for PBXNativeTarget "RedditTest-iosTests" */;
			buildPhases = (
				71295ED326F794A4009D910E /* Sources */,
				71295ED426F794A4009D910E /* Frameworks */,
				71295ED526F794A4009D910E /* Resources */,
			);
			buildRules = (
			);
			dependencies = (
				71295ED926F794A4009D910E /* PBXTargetDependency */,
			);
			name = "RedditTest-iosTests";
			productName = "RedditTest-iosTests";
			productReference = 71295ED726F794A4009D910E /* RedditTest-iosTests.xctest */;
			productType = "com.apple.product-type.bundle.unit-test";
		};
		71295EE126F794A4009D910E /* RedditTest-iosUITests */ = {
			isa = PBXNativeTarget;
			buildConfigurationList = 71295EF126F794A4009D910E /* Build configuration list for PBXNativeTarget "RedditTest-iosUITests" */;
			buildPhases = (
				71295EDE26F794A4009D910E /* Sources */,
				71295EDF26F794A4009D910E /* Frameworks */,
				71295EE026F794A4009D910E /* Resources */,
			);
			buildRules = (
			);
			dependencies = (
				71295EE426F794A4009D910E /* PBXTargetDependency */,
			);
			name = "RedditTest-iosUITests";
			productName = "RedditTest-iosUITests";
			productReference = 71295EE226F794A4009D910E /* RedditTest-iosUITests.xctest */;
			productType = "com.apple.product-type.bundle.ui-testing";
		};
/* End PBXNativeTarget section */

/* Begin PBXProject section */
		71295EB926F794A1009D910E /* Project object */ = {
			isa = PBXProject;
			attributes = {
				LastSwiftUpdateCheck = 1250;
				LastUpgradeCheck = 1250;
				TargetAttributes = {
					71295EC026F794A1009D910E = {
						CreatedOnToolsVersion = 12.5.1;
					};
					71295ED626F794A4009D910E = {
						CreatedOnToolsVersion = 12.5.1;
						TestTargetID = 71295EC026F794A1009D910E;
					};
					71295EE126F794A4009D910E = {
						CreatedOnToolsVersion = 12.5.1;
						TestTargetID = 71295EC026F794A1009D910E;
					};
				};
			};
			buildConfigurationList = 71295EBC26F794A1009D910E /* Build configuration list for PBXProject "RedditTest-ios" */;
			compatibilityVersion = "Xcode 9.3";
			developmentRegion = en;
			hasScannedForEncodings = 0;
			knownRegions = (
				en,
				Base,
			);
			mainGroup = 71295EB826F794A1009D910E;
			productRefGroup = 71295EC226F794A1009D910E /* Products */;
			projectDirPath = "";
			projectRoot = "";
			targets = (
				71295EC026F794A1009D910E /* RedditTest-ios */,
				71295ED626F794A4009D910E /* RedditTest-iosTests */,
				71295EE126F794A4009D910E /* RedditTest-iosUITests */,
			);
		};
/* End PBXProject section */

/* Begin PBXResourcesBuildPhase section */
		71295EBF26F794A1009D910E /* Resources */ = {
			isa = PBXResourcesBuildPhase;
			buildActionMask = 2147483647;
			files = (
				71295ED126F794A4009D910E /* LaunchScreen.storyboard in Resources */,
				71295ECE26F794A4009D910E /* Assets.xcassets in Resources */,
				71295ECC26F794A1009D910E /* Main.storyboard in Resources */,
			);
			runOnlyForDeploymentPostprocessing = 0;
		};
		71295ED526F794A4009D910E /* Resources */ = {
			isa = PBXResourcesBuildPhase;
			buildActionMask = 2147483647;
			files = (
			);
			runOnlyForDeploymentPostprocessing = 0;
		};
		71295EE026F794A4009D910E /* Resources */ = {
			isa = PBXResourcesBuildPhase;
			buildActionMask = 2147483647;
			files = (
			);
			runOnlyForDeploymentPostprocessing = 0;
		};
/* End PBXResourcesBuildPhase section */

/* Begin PBXSourcesBuildPhase section */
		71295EBD26F794A1009D910E /* Sources */ = {
			isa = PBXSourcesBuildPhase;
			buildActionMask = 2147483647;
			files = (
				71295EC926F794A1009D910E /* ViewController.swift in Sources */,
				71295EC526F794A1009D910E /* AppDelegate.swift in Sources */,
				71295EC726F794A1009D910E /* SceneDelegate.swift in Sources */,
			);
			runOnlyForDeploymentPostprocessing = 0;
		};
		71295ED326F794A4009D910E /* Sources */ = {
			isa = PBXSourcesBuildPhase;
			buildActionMask = 2147483647;
			files = (
				71295EDC26F794A4009D910E /* RedditTest_iosTests.swift in Sources */,
			);
			runOnlyForDeploymentPostprocessing = 0;
		};
		71295EDE26F794A4009D910E /* Sources */ = {
			isa = PBXSourcesBuildPhase;
			buildActionMask = 2147483647;
			files = (
				71295EE726F794A4009D910E /* RedditTest_iosUITests.swift in Sources */,
			);
			runOnlyForDeploymentPostprocessing = 0;
		};
/* End PBXSourcesBuildPhase section */

/* Begin PBXTargetDependency section */
		71295ED926F794A4009D910E /* PBXTargetDependency */ = {
			isa = PBXTargetDependency;
			target = 71295EC026F794A1009D910E /* RedditTest-ios */;
			targetProxy = 71295ED826F794A4009D910E /* PBXContainerItemProxy */;
		};
		71295EE426F794A4009D910E /* PBXTargetDependency */ = {
			isa = PBXTargetDependency;
			target = 71295EC026F794A1009D910E /* RedditTest-ios */;
			targetProxy = 71295EE326F794A4009D910E /* PBXContainerItemProxy */;
		};
/* End PBXTargetDependency section */

/* Begin PBXVariantGroup section */
		71295ECA26F794A1009D910E /* Main.storyboard */ = {
			isa = PBXVariantGroup;
			children = (
				71295ECB26F794A1009D910E /* Base */,
			);
			name = Main.storyboard;
			sourceTree = "<group>";
		};
		71295ECF26F794A4009D910E /* LaunchScreen.storyboard */ = {
			isa = PBXVariantGroup;
			children = (
				71295ED026F794A4009D910E /* Base */,
			);
			name = LaunchScreen.storyboard;
			sourceTree = "<group>";
		};
/* End PBXVariantGroup section */

/* Begin XCBuildConfiguration section */
		71295EE926F794A4009D910E /* Debug */ = {
			isa = XCBuildConfiguration;
			buildSettings = {
				ALWAYS_SEARCH_USER_PATHS = NO;
				CLANG_ANALYZER_NONNULL = YES;
				CLANG_ANALYZER_NUMBER_OBJECT_CONVERSION = YES_AGGRESSIVE;
				CLANG_CXX_LANGUAGE_STANDARD = "gnu++14";
				CLANG_CXX_LIBRARY = "libc++";
				CLANG_ENABLE_MODULES = YES;
				CLANG_ENABLE_OBJC_ARC = YES;
				CLANG_ENABLE_OBJC_WEAK = YES;
				CLANG_WARN_BLOCK_CAPTURE_AUTORELEASING = YES;
				CLANG_WARN_BOOL_CONVERSION = YES;
				CLANG_WARN_COMMA = YES;
				CLANG_WARN_CONSTANT_CONVERSION = YES;
				CLANG_WARN_DEPRECATED_OBJC_IMPLEMENTATIONS = YES;
				CLANG_WARN_DIRECT_OBJC_ISA_USAGE = YES_ERROR;
				CLANG_WARN_DOCUMENTATION_COMMENTS = YES;
				CLANG_WARN_EMPTY_BODY = YES;
				CLANG_WARN_ENUM_CONVERSION = YES;
				CLANG_WARN_INFINITE_RECURSION = YES;
				CLANG_WARN_INT_CONVERSION = YES;
				CLANG_WARN_NON_LITERAL_NULL_CONVERSION = YES;
				CLANG_WARN_OBJC_IMPLICIT_RETAIN_SELF = YES;
				CLANG_WARN_OBJC_LITERAL_CONVERSION = YES;
				CLANG_WARN_OBJC_ROOT_CLASS = YES_ERROR;
				CLANG_WARN_QUOTED_INCLUDE_IN_FRAMEWORK_HEADER = YES;
				CLANG_WARN_RANGE_LOOP_ANALYSIS = YES;
				CLANG_WARN_STRICT_PROTOTYPES = YES;
				CLANG_WARN_SUSPICIOUS_MOVE = YES;
				CLANG_WARN_UNGUARDED_AVAILABILITY = YES_AGGRESSIVE;
				CLANG_WARN_UNREACHABLE_CODE = YES;
				CLANG_WARN__DUPLICATE_METHOD_MATCH = YES;
				COPY_PHASE_STRIP = NO;
				DEBUG_INFORMATION_FORMAT = dwarf;
				ENABLE_STRICT_OBJC_MSGSEND = YES;
				ENABLE_TESTABILITY = YES;
				GCC_C_LANGUAGE_STANDARD = gnu11;
				GCC_DYNAMIC_NO_PIC = NO;
				GCC_NO_COMMON_BLOCKS = YES;
				GCC_OPTIMIZATION_LEVEL = 0;
				GCC_PREPROCESSOR_DEFINITIONS = (
					"DEBUG=1",
					"$(inherited)",
				);
				GCC_WARN_64_TO_32_BIT_CONVERSION = YES;
				GCC_WARN_ABOUT_RETURN_TYPE = YES_ERROR;
				GCC_WARN_UNDECLARED_SELECTOR = YES;
				GCC_WARN_UNINITIALIZED_AUTOS = YES_AGGRESSIVE;
				GCC_WARN_UNUSED_FUNCTION = YES;
				GCC_WARN_UNUSED_VARIABLE = YES;
				IPHONEOS_DEPLOYMENT_TARGET = 14.5;
				MTL_ENABLE_DEBUG_INFO = INCLUDE_SOURCE;
				MTL_FAST_MATH = YES;
				ONLY_ACTIVE_ARCH = YES;
				SDKROOT = iphoneos;
				SWIFT_ACTIVE_COMPILATION_CONDITIONS = DEBUG;
				SWIFT_OPTIMIZATION_LEVEL = "-Onone";
			};
			name = Debug;
		};
		71295EEA26F794A4009D910E /* Release */ = {
			isa = XCBuildConfiguration;
			buildSettings = {
				ALWAYS_SEARCH_USER_PATHS = NO;
				CLANG_ANALYZER_NONNULL = YES;
				CLANG_ANALYZER_NUMBER_OBJECT_CONVERSION = YES_AGGRESSIVE;
				CLANG_CXX_LANGUAGE_STANDARD = "gnu++14";
				CLANG_CXX_LIBRARY = "libc++";
				CLANG_ENABLE_MODULES = YES;
				CLANG_ENABLE_OBJC_ARC = YES;
				CLANG_ENABLE_OBJC_WEAK = YES;
				CLANG_WARN_BLOCK_CAPTURE_AUTORELEASING = YES;
				CLANG_WARN_BOOL_CONVERSION = YES;
				CLANG_WARN_COMMA = YES;
				CLANG_WARN_CONSTANT_CONVERSION = YES;
				CLANG_WARN_DEPRECATED_OBJC_IMPLEMENTATIONS = YES;
				CLANG_WARN_DIRECT_OBJC_ISA_USAGE = YES_ERROR;
				CLANG_WARN_DOCUMENTATION_COMMENTS = YES;
				CLANG_WARN_EMPTY_BODY = YES;
				CLANG_WARN_ENUM_CONVERSION = YES;
				CLANG_WARN_INFINITE_RECURSION = YES;
				CLANG_WARN_INT_CONVERSION = YES;
				CLANG_WARN_NON_LITERAL_NULL_CONVERSION = YES;
				CLANG_WARN_OBJC_IMPLICIT_RETAIN_SELF = YES;
				CLANG_WARN_OBJC_LITERAL_CONVERSION = YES;
				CLANG_WARN_OBJC_ROOT_CLASS = YES_ERROR;
				CLANG_WARN_QUOTED_INCLUDE_IN_FRAMEWORK_HEADER = YES;
				CLANG_WARN_RANGE_LOOP_ANALYSIS = YES;
				CLANG_WARN_STRICT_PROTOTYPES = YES;
				CLANG_WARN_SUSPICIOUS_MOVE = YES;
				CLANG_WARN_UNGUARDED_AVAILABILITY = YES_AGGRESSIVE;
				CLANG_WARN_UNREACHABLE_CODE = YES;
				CLANG_WARN__DUPLICATE_METHOD_MATCH = YES;
				COPY_PHASE_STRIP = NO;
				DEBUG_INFORMATION_FORMAT = "dwarf-with-dsym";
				ENABLE_NS_ASSERTIONS = NO;
				ENABLE_STRICT_OBJC_MSGSEND = YES;
				GCC_C_LANGUAGE_STANDARD = gnu11;
				GCC_NO_COMMON_BLOCKS = YES;
				GCC_WARN_64_TO_32_BIT_CONVERSION = YES;
				GCC_WARN_ABOUT_RETURN_TYPE = YES_ERROR;
				GCC_WARN_UNDECLARED_SELECTOR = YES;
				GCC_WARN_UNINITIALIZED_AUTOS = YES_AGGRESSIVE;
				GCC_WARN_UNUSED_FUNCTION = YES;
				GCC_WARN_UNUSED_VARIABLE = YES;
				IPHONEOS_DEPLOYMENT_TARGET = 14.5;
				MTL_ENABLE_DEBUG_INFO = NO;
				MTL_FAST_MATH = YES;
				SDKROOT = iphoneos;
				SWIFT_COMPILATION_MODE = wholemodule;
				SWIFT_OPTIMIZATION_LEVEL = "-O";
				VALIDATE_PRODUCT = YES;
			};
			name = Release;
		};
		71295EEC26F794A4009D910E /* Debug */ = {
			isa = XCBuildConfiguration;
			buildSettings = {
				ASSETCATALOG_COMPILER_APPICON_NAME = AppIcon;
				ASSETCATALOG_COMPILER_GLOBAL_ACCENT_COLOR_NAME = AccentColor;
				CODE_SIGN_STYLE = Automatic;
				DEVELOPMENT_TEAM = CUPVNHUL72;
				INFOPLIST_FILE = "RedditTest-ios/Info.plist";
				LD_RUNPATH_SEARCH_PATHS = (
					"$(inherited)",
					"@executable_path/Frameworks",
				);
				PRODUCT_BUNDLE_IDENTIFIER = "com.stefan.RedditTest-ios";
				PRODUCT_NAME = "$(TARGET_NAME)";
				SWIFT_VERSION = 5.0;
				TARGETED_DEVICE_FAMILY = "1,2";
			};
			name = Debug;
		};
		71295EED26F794A4009D910E /* Release */ = {
			isa = XCBuildConfiguration;
			buildSettings = {
				ASSETCATALOG_COMPILER_APPICON_NAME = AppIcon;
				ASSETCATALOG_COMPILER_GLOBAL_ACCENT_COLOR_NAME = AccentColor;
				CODE_SIGN_STYLE = Automatic;
				DEVELOPMENT_TEAM = CUPVNHUL72;
				INFOPLIST_FILE = "RedditTest-ios/Info.plist";
				LD_RUNPATH_SEARCH_PATHS = (
					"$(inherited)",
					"@executable_path/Frameworks",
				);
				PRODUCT_BUNDLE_IDENTIFIER = "com.stefan.RedditTest-ios";
				PRODUCT_NAME = "$(TARGET_NAME)";
				SWIFT_VERSION = 5.0;
				TARGETED_DEVICE_FAMILY = "1,2";
			};
			name = Release;
		};
		71295EEF26F794A4009D910E /* Debug */ = {
			isa = XCBuildConfiguration;
			buildSettings = {
				ALWAYS_EMBED_SWIFT_STANDARD_LIBRARIES = YES;
				BUNDLE_LOADER = "$(TEST_HOST)";
				CODE_SIGN_STYLE = Automatic;
				DEVELOPMENT_TEAM = CUPVNHUL72;
				INFOPLIST_FILE = "RedditTest-iosTests/Info.plist";
				IPHONEOS_DEPLOYMENT_TARGET = 14.5;
				LD_RUNPATH_SEARCH_PATHS = (
					"$(inherited)",
					"@executable_path/Frameworks",
					"@loader_path/Frameworks",
				);
				PRODUCT_BUNDLE_IDENTIFIER = "com.stefan.RedditTest-iosTests";
				PRODUCT_NAME = "$(TARGET_NAME)";
				SWIFT_VERSION = 5.0;
				TARGETED_DEVICE_FAMILY = "1,2";
				TEST_HOST = "$(BUILT_PRODUCTS_DIR)/RedditTest-ios.app/RedditTest-ios";
			};
			name = Debug;
		};
		71295EF026F794A4009D910E /* Release */ = {
			isa = XCBuildConfiguration;
			buildSettings = {
				ALWAYS_EMBED_SWIFT_STANDARD_LIBRARIES = YES;
				BUNDLE_LOADER = "$(TEST_HOST)";
				CODE_SIGN_STYLE = Automatic;
				DEVELOPMENT_TEAM = CUPVNHUL72;
				INFOPLIST_FILE = "RedditTest-iosTests/Info.plist";
				IPHONEOS_DEPLOYMENT_TARGET = 14.5;
				LD_RUNPATH_SEARCH_PATHS = (
					"$(inherited)",
					"@executable_path/Frameworks",
					"@loader_path/Frameworks",
				);
				PRODUCT_BUNDLE_IDENTIFIER = "com.stefan.RedditTest-iosTests";
				PRODUCT_NAME = "$(TARGET_NAME)";
				SWIFT_VERSION = 5.0;
				TARGETED_DEVICE_FAMILY = "1,2";
				TEST_HOST = "$(BUILT_PRODUCTS_DIR)/RedditTest-ios.app/RedditTest-ios";
			};
			name = Release;
		};
		71295EF226F794A4009D910E /* Debug */ = {
			isa = XCBuildConfiguration;
			buildSettings = {
				ALWAYS_EMBED_SWIFT_STANDARD_LIBRARIES = YES;
				CODE_SIGN_STYLE = Automatic;
				DEVELOPMENT_TEAM = CUPVNHUL72;
				INFOPLIST_FILE = "RedditTest-iosUITests/Info.plist";
				LD_RUNPATH_SEARCH_PATHS = (
					"$(inherited)",
					"@executable_path/Frameworks",
					"@loader_path/Frameworks",
				);
				PRODUCT_BUNDLE_IDENTIFIER = "com.stefan.RedditTest-iosUITests";
				PRODUCT_NAME = "$(TARGET_NAME)";
				SWIFT_VERSION = 5.0;
				TARGETED_DEVICE_FAMILY = "1,2";
				TEST_TARGET_NAME = "RedditTest-ios";
			};
			name = Debug;
		};
		71295EF326F794A4009D910E /* Release */ = {
			isa = XCBuildConfiguration;
			buildSettings = {
				ALWAYS_EMBED_SWIFT_STANDARD_LIBRARIES = YES;
				CODE_SIGN_STYLE = Automatic;
				DEVELOPMENT_TEAM = CUPVNHUL72;
				INFOPLIST_FILE = "RedditTest-iosUITests/Info.plist";
				LD_RUNPATH_SEARCH_PATHS = (
					"$(inherited)",
					"@executable_path/Frameworks",
					"@loader_path/Frameworks",
				);
				PRODUCT_BUNDLE_IDENTIFIER = "com.stefan.RedditTest-iosUITests";
				PRODUCT_NAME = "$(TARGET_NAME)";
				SWIFT_VERSION = 5.0;
				TARGETED_DEVICE_FAMILY = "1,2";
				TEST_TARGET_NAME = "RedditTest-ios";
			};
			name = Release;
		};
/* End XCBuildConfiguration section */

/* Begin XCConfigurationList section */
		71295EBC26F794A1009D910E /* Build configuration list for PBXProject "RedditTest-ios" */ = {
			isa = XCConfigurationList;
			buildConfigurations = (
				71295EE926F794A4009D910E /* Debug */,
				71295EEA26F794A4009D910E /* Release */,
			);
			defaultConfigurationIsVisible = 0;
			defaultConfigurationName = Release;
		};
		71295EEB26F794A4009D910E /* Build configuration list for PBXNativeTarget "RedditTest-ios" */ = {
			isa = XCConfigurationList;
			buildConfigurations = (
				71295EEC26F794A4009D910E /* Debug */,
				71295EED26F794A4009D910E /* Release */,
			);
			defaultConfigurationIsVisible = 0;
			defaultConfigurationName = Release;
		};
		71295EEE26F794A4009D910E /* Build configuration list for PBXNativeTarget "RedditTest-iosTests" */ = {
			isa = XCConfigurationList;
			buildConfigurations = (
				71295EEF26F794A4009D910E /* Debug */,
				71295EF026F794A4009D910E /* Release */,
			);
			defaultConfigurationIsVisible = 0;
			defaultConfigurationName = Release;
		};
		71295EF126F794A4009D910E /* Build configuration list for PBXNativeTarget "RedditTest-iosUITests" */ = {
			isa = XCConfigurationList;
			buildConfigurations = (
				71295EF226F794A4009D910E /* Debug */,
				71295EF326F794A4009D910E /* Release */,
			);
			defaultConfigurationIsVisible = 0;
			defaultConfigurationName = Release;
		};
/* End XCConfigurationList section */
	};
	rootObject = 71295EB926F794A1009D910E /* Project object */;
}
